// !$*UTF8*$!
{
	archiveVersion = 1;
	classes = {
	};
	objectVersion = 55;
	objects = {

/* Begin PBXBuildFile section */
		0463CB8B27D3C3FB001E5774 /* AppDelegate.swift in Sources */ = {isa = PBXBuildFile; fileRef = 0463CB8A27D3C3FB001E5774 /* AppDelegate.swift */; };
		0463CB8D27D3C3FB001E5774 /* SceneDelegate.swift in Sources */ = {isa = PBXBuildFile; fileRef = 0463CB8C27D3C3FB001E5774 /* SceneDelegate.swift */; };
		0463CB8F27D3C3FB001E5774 /* ViewController.swift in Sources */ = {isa = PBXBuildFile; fileRef = 0463CB8E27D3C3FB001E5774 /* ViewController.swift */; };
		0463CB9227D3C3FB001E5774 /* Main.storyboard in Resources */ = {isa = PBXBuildFile; fileRef = 0463CB9027D3C3FB001E5774 /* Main.storyboard */; };
		0463CB9427D3C3FD001E5774 /* Assets.xcassets in Resources */ = {isa = PBXBuildFile; fileRef = 0463CB9327D3C3FD001E5774 /* Assets.xcassets */; };
		0463CB9727D3C3FD001E5774 /* LaunchScreen.storyboard in Resources */ = {isa = PBXBuildFile; fileRef = 0463CB9527D3C3FD001E5774 /* LaunchScreen.storyboard */; };
		04A4818827D5029400E01063 /* AppInfo.swift in Sources */ = {isa = PBXBuildFile; fileRef = 04A4818627D5029300E01063 /* AppInfo.swift */; };
		04A4818927D5029400E01063 /* FIRDataObject.swift in Sources */ = {isa = PBXBuildFile; fileRef = 04A4818727D5029400E01063 /* FIRDataObject.swift */; };
		04A4818C27D502CC00E01063 /* UIImageView+download.swift in Sources */ = {isa = PBXBuildFile; fileRef = 04A4818B27D502CC00E01063 /* UIImageView+download.swift */; };
		04A4818E27D53D1500E01063 /* AppTableViewCell.swift in Sources */ = {isa = PBXBuildFile; fileRef = 04A4818D27D53D1500E01063 /* AppTableViewCell.swift */; };
		04D4205E27D4EC0300C492AE /* GoogleService-Info.plist in Resources */ = {isa = PBXBuildFile; fileRef = 04D4205D27D4EC0300C492AE /* GoogleService-Info.plist */; };
		3DB974409C83B78FFA7833DA /* Pods_iOS_Pratice_App.framework in Frameworks */ = {isa = PBXBuildFile; fileRef = 6C88931F626B87A117FC4A65 /* Pods_iOS_Pratice_App.framework */; };
/* End PBXBuildFile section */

/* Begin PBXFileReference section */
		0463CB8727D3C3FB001E5774 /* iOS-Pratice-App.app */ = {isa = PBXFileReference; explicitFileType = wrapper.application; includeInIndex = 0; path = "iOS-Pratice-App.app"; sourceTree = BUILT_PRODUCTS_DIR; };
		0463CB8A27D3C3FB001E5774 /* AppDelegate.swift */ = {isa = PBXFileReference; lastKnownFileType = sourcecode.swift; path = AppDelegate.swift; sourceTree = "<group>"; };
		0463CB8C27D3C3FB001E5774 /* SceneDelegate.swift */ = {isa = PBXFileReference; lastKnownFileType = sourcecode.swift; path = SceneDelegate.swift; sourceTree = "<group>"; };
		0463CB8E27D3C3FB001E5774 /* ViewController.swift */ = {isa = PBXFileReference; lastKnownFileType = sourcecode.swift; path = ViewController.swift; sourceTree = "<group>"; };
		0463CB9127D3C3FB001E5774 /* Base */ = {isa = PBXFileReference; lastKnownFileType = file.storyboard; name = Base; path = Base.lproj/Main.storyboard; sourceTree = "<group>"; };
		0463CB9327D3C3FD001E5774 /* Assets.xcassets */ = {isa = PBXFileReference; lastKnownFileType = folder.assetcatalog; path = Assets.xcassets; sourceTree = "<group>"; };
		0463CB9627D3C3FD001E5774 /* Base */ = {isa = PBXFileReference; lastKnownFileType = file.storyboard; name = Base; path = Base.lproj/LaunchScreen.storyboard; sourceTree = "<group>"; };
		0463CB9827D3C3FD001E5774 /* Info.plist */ = {isa = PBXFileReference; lastKnownFileType = text.plist.xml; path = Info.plist; sourceTree = "<group>"; };
		04A4818627D5029300E01063 /* AppInfo.swift */ = {isa = PBXFileReference; fileEncoding = 4; lastKnownFileType = sourcecode.swift; path = AppInfo.swift; sourceTree = "<group>"; };
		04A4818727D5029400E01063 /* FIRDataObject.swift */ = {isa = PBXFileReference; fileEncoding = 4; lastKnownFileType = sourcecode.swift; path = FIRDataObject.swift; sourceTree = "<group>"; };
		04A4818B27D502CC00E01063 /* UIImageView+download.swift */ = {isa = PBXFileReference; fileEncoding = 4; lastKnownFileType = sourcecode.swift; path = "UIImageView+download.swift"; sourceTree = "<group>"; };
		04A4818D27D53D1500E01063 /* AppTableViewCell.swift */ = {isa = PBXFileReference; lastKnownFileType = sourcecode.swift; path = AppTableViewCell.swift; sourceTree = "<group>"; };
		04D4205D27D4EC0300C492AE /* GoogleService-Info.plist */ = {isa = PBXFileReference; fileEncoding = 4; lastKnownFileType = text.plist.xml; path = "GoogleService-Info.plist"; sourceTree = "<group>"; };
		504C28242701D30AEC770F25 /* Pods-iOS-Pratice-App.debug.xcconfig */ = {isa = PBXFileReference; includeInIndex = 1; lastKnownFileType = text.xcconfig; name = "Pods-iOS-Pratice-App.debug.xcconfig"; path = "Target Support Files/Pods-iOS-Pratice-App/Pods-iOS-Pratice-App.debug.xcconfig"; sourceTree = "<group>"; };
		6C88931F626B87A117FC4A65 /* Pods_iOS_Pratice_App.framework */ = {isa = PBXFileReference; explicitFileType = wrapper.framework; includeInIndex = 0; path = Pods_iOS_Pratice_App.framework; sourceTree = BUILT_PRODUCTS_DIR; };
		A31C3C1FD5FF95A7AD872442 /* Pods-iOS-Pratice-App.release.xcconfig */ = {isa = PBXFileReference; includeInIndex = 1; lastKnownFileType = text.xcconfig; name = "Pods-iOS-Pratice-App.release.xcconfig"; path = "Target Support Files/Pods-iOS-Pratice-App/Pods-iOS-Pratice-App.release.xcconfig"; sourceTree = "<group>"; };
/* End PBXFileReference section */

/* Begin PBXFrameworksBuildPhase section */
		0463CB8427D3C3FB001E5774 /* Frameworks */ = {
			isa = PBXFrameworksBuildPhase;
			buildActionMask = 2147483647;
			files = (
				3DB974409C83B78FFA7833DA /* Pods_iOS_Pratice_App.framework in Frameworks */,
			);
			runOnlyForDeploymentPostprocessing = 0;
		};
/* End PBXFrameworksBuildPhase section */

/* Begin PBXGroup section */
		0463CB7E27D3C3FB001E5774 = {
			isa = PBXGroup;
			children = (
				0463CB8927D3C3FB001E5774 /* iOS-Pratice-App */,
				0463CB8827D3C3FB001E5774 /* Products */,
				A5483B550FC38ABC38E426C8 /* Pods */,
				0B34A382D9C66EA142DF9DD3 /* Frameworks */,
			);
			sourceTree = "<group>";
		};
		0463CB8827D3C3FB001E5774 /* Products */ = {
			isa = PBXGroup;
			children = (
				0463CB8727D3C3FB001E5774 /* iOS-Pratice-App.app */,
			);
			name = Products;
			sourceTree = "<group>";
		};
		0463CB8927D3C3FB001E5774 /* iOS-Pratice-App */ = {
			isa = PBXGroup;
			children = (
				04A4818A27D502BC00E01063 /* Helpers */,
				0463CBA027D3C45E001E5774 /* Model */,
				0463CB9F27D3C44A001E5774 /* Controller */,
				0463CB9E27D3C441001E5774 /* View */,
				0463CB9327D3C3FD001E5774 /* Assets.xcassets */,
				0463CB9827D3C3FD001E5774 /* Info.plist */,
				04D4205D27D4EC0300C492AE /* GoogleService-Info.plist */,
				0463CB8A27D3C3FB001E5774 /* AppDelegate.swift */,
				0463CB8C27D3C3FB001E5774 /* SceneDelegate.swift */,
			);
			path = "iOS-Pratice-App";
			sourceTree = "<group>";
		};
		0463CB9E27D3C441001E5774 /* View */ = {
			isa = PBXGroup;
			children = (
				0463CB9027D3C3FB001E5774 /* Main.storyboard */,
				0463CB9527D3C3FD001E5774 /* LaunchScreen.storyboard */,
			);
			path = View;
			sourceTree = "<group>";
		};
		0463CB9F27D3C44A001E5774 /* Controller */ = {
			isa = PBXGroup;
			children = (
				0463CB8E27D3C3FB001E5774 /* ViewController.swift */,
				04A4818D27D53D1500E01063 /* AppTableViewCell.swift */,
			);
			path = Controller;
			sourceTree = "<group>";
		};
		0463CBA027D3C45E001E5774 /* Model */ = {
			isa = PBXGroup;
			children = (
				04A4818627D5029300E01063 /* AppInfo.swift */,
				04A4818727D5029400E01063 /* FIRDataObject.swift */,
			);
			path = Model;
			sourceTree = "<group>";
		};
		04A4818A27D502BC00E01063 /* Helpers */ = {
			isa = PBXGroup;
			children = (
				04A4818B27D502CC00E01063 /* UIImageView+download.swift */,
			);
			path = Helpers;
			sourceTree = "<group>";
		};
		0B34A382D9C66EA142DF9DD3 /* Frameworks */ = {
			isa = PBXGroup;
			children = (
				6C88931F626B87A117FC4A65 /* Pods_iOS_Pratice_App.framework */,
			);
			name = Frameworks;
			sourceTree = "<group>";
		};
		A5483B550FC38ABC38E426C8 /* Pods */ = {
			isa = PBXGroup;
			children = (
				504C28242701D30AEC770F25 /* Pods-iOS-Pratice-App.debug.xcconfig */,
				A31C3C1FD5FF95A7AD872442 /* Pods-iOS-Pratice-App.release.xcconfig */,
			);
			path = Pods;
			sourceTree = "<group>";
		};
/* End PBXGroup section */

/* Begin PBXNativeTarget section */
		0463CB8627D3C3FB001E5774 /* iOS-Pratice-App */ = {
			isa = PBXNativeTarget;
			buildConfigurationList = 0463CB9B27D3C3FD001E5774 /* Build configuration list for PBXNativeTarget "iOS-Pratice-App" */;
			buildPhases = (
				7E2A79EDF5672A0F6FBD246D /* [CP] Check Pods Manifest.lock */,
				0463CB8327D3C3FB001E5774 /* Sources */,
				0463CB8427D3C3FB001E5774 /* Frameworks */,
				0463CB8527D3C3FB001E5774 /* Resources */,
				AEC1A4939C52302E1EAC8E24 /* [CP] Embed Pods Frameworks */,
			);
			buildRules = (
			);
			dependencies = (
			);
			name = "iOS-Pratice-App";
			productName = "iOS-Pratice-App";
			productReference = 0463CB8727D3C3FB001E5774 /* iOS-Pratice-App.app */;
			productType = "com.apple.product-type.application";
		};
/* End PBXNativeTarget section */

/* Begin PBXProject section */
		0463CB7F27D3C3FB001E5774 /* Project object */ = {
			isa = PBXProject;
			attributes = {
				BuildIndependentTargetsInParallel = 1;
				LastSwiftUpdateCheck = 1320;
				LastUpgradeCheck = 1320;
				TargetAttributes = {
					0463CB8627D3C3FB001E5774 = {
						CreatedOnToolsVersion = 13.2.1;
					};
				};
			};
			buildConfigurationList = 0463CB8227D3C3FB001E5774 /* Build configuration list for PBXProject "iOS-Pratice-App" */;
			compatibilityVersion = "Xcode 13.0";
			developmentRegion = en;
			hasScannedForEncodings = 0;
			knownRegions = (
				en,
				Base,
			);
			mainGroup = 0463CB7E27D3C3FB001E5774;
			productRefGroup = 0463CB8827D3C3FB001E5774 /* Products */;
			projectDirPath = "";
			projectRoot = "";
			targets = (
				0463CB8627D3C3FB001E5774 /* iOS-Pratice-App */,
			);
		};
/* End PBXProject section */

/* Begin PBXResourcesBuildPhase section */
		0463CB8527D3C3FB001E5774 /* Resources */ = {
			isa = PBXResourcesBuildPhase;
			buildActionMask = 2147483647;
			files = (
				0463CB9727D3C3FD001E5774 /* LaunchScreen.storyboard in Resources */,
				04D4205E27D4EC0300C492AE /* GoogleService-Info.plist in Resources */,
				0463CB9427D3C3FD001E5774 /* Assets.xcassets in Resources */,
				0463CB9227D3C3FB001E5774 /* Main.storyboard in Resources */,
			);
			runOnlyForDeploymentPostprocessing = 0;
		};
/* End PBXResourcesBuildPhase section */

/* Begin PBXShellScriptBuildPhase section */
		7E2A79EDF5672A0F6FBD246D /* [CP] Check Pods Manifest.lock */ = {
			isa = PBXShellScriptBuildPhase;
			buildActionMask = 2147483647;
			files = (
			);
			inputFileListPaths = (
			);
			inputPaths = (
				"${PODS_PODFILE_DIR_PATH}/Podfile.lock",
				"${PODS_ROOT}/Manifest.lock",
			);
			name = "[CP] Check Pods Manifest.lock";
			outputFileListPaths = (
			);
			outputPaths = (
				"$(DERIVED_FILE_DIR)/Pods-iOS-Pratice-App-checkManifestLockResult.txt",
			);
			runOnlyForDeploymentPostprocessing = 0;
			shellPath = /bin/sh;
			shellScript = "diff \"${PODS_PODFILE_DIR_PATH}/Podfile.lock\" \"${PODS_ROOT}/Manifest.lock\" > /dev/null\nif [ $? != 0 ] ; then\n    # print error to STDERR\n    echo \"error: The sandbox is not in sync with the Podfile.lock. Run 'pod install' or update your CocoaPods installation.\" >&2\n    exit 1\nfi\n# This output is used by Xcode 'outputs' to avoid re-running this script phase.\necho \"SUCCESS\" > \"${SCRIPT_OUTPUT_FILE_0}\"\n";
			showEnvVarsInLog = 0;
		};
		AEC1A4939C52302E1EAC8E24 /* [CP] Embed Pods Frameworks */ = {
			isa = PBXShellScriptBuildPhase;
			buildActionMask = 2147483647;
			files = (
			);
			inputFileListPaths = (
				"${PODS_ROOT}/Target Support Files/Pods-iOS-Pratice-App/Pods-iOS-Pratice-App-frameworks-${CONFIGURATION}-input-files.xcfilelist",
			);
			name = "[CP] Embed Pods Frameworks";
			outputFileListPaths = (
				"${PODS_ROOT}/Target Support Files/Pods-iOS-Pratice-App/Pods-iOS-Pratice-App-frameworks-${CONFIGURATION}-output-files.xcfilelist",
			);
			runOnlyForDeploymentPostprocessing = 0;
			shellPath = /bin/sh;
			shellScript = "\"${PODS_ROOT}/Target Support Files/Pods-iOS-Pratice-App/Pods-iOS-Pratice-App-frameworks.sh\"\n";
			showEnvVarsInLog = 0;
		};
/* End PBXShellScriptBuildPhase section */

/* Begin PBXSourcesBuildPhase section */
		0463CB8327D3C3FB001E5774 /* Sources */ = {
			isa = PBXSourcesBuildPhase;
			buildActionMask = 2147483647;
			files = (
				04A4818C27D502CC00E01063 /* UIImageView+download.swift in Sources */,
				0463CB8F27D3C3FB001E5774 /* ViewController.swift in Sources */,
				04A4818827D5029400E01063 /* AppInfo.swift in Sources */,
				0463CB8B27D3C3FB001E5774 /* AppDelegate.swift in Sources */,
				0463CB8D27D3C3FB001E5774 /* SceneDelegate.swift in Sources */,
				04A4818927D5029400E01063 /* FIRDataObject.swift in Sources */,
				04A4818E27D53D1500E01063 /* AppTableViewCell.swift in Sources */,
			);
			runOnlyForDeploymentPostprocessing = 0;
		};
/* End PBXSourcesBuildPhase section */

/* Begin PBXVariantGroup section */
		0463CB9027D3C3FB001E5774 /* Main.storyboard */ = {
			isa = PBXVariantGroup;
			children = (
				0463CB9127D3C3FB001E5774 /* Base */,
			);
			name = Main.storyboard;
			sourceTree = "<group>";
		};
		0463CB9527D3C3FD001E5774 /* LaunchScreen.storyboard */ = {
			isa = PBXVariantGroup;
			children = (
				0463CB9627D3C3FD001E5774 /* Base */,
			);
			name = LaunchScreen.storyboard;
			sourceTree = "<group>";
		};
/* End PBXVariantGroup section */

/* Begin XCBuildConfiguration section */
		0463CB9927D3C3FD001E5774 /* Debug */ = {
			isa = XCBuildConfiguration;
			buildSettings = {
				ALWAYS_SEARCH_USER_PATHS = NO;
				CLANG_ANALYZER_NONNULL = YES;
				CLANG_ANALYZER_NUMBER_OBJECT_CONVERSION = YES_AGGRESSIVE;
				CLANG_CXX_LANGUAGE_STANDARD = "gnu++17";
				CLANG_CXX_LIBRARY = "libc++";
				CLANG_ENABLE_MODULES = YES;
				CLANG_ENABLE_OBJC_ARC = YES;
				CLANG_ENABLE_OBJC_WEAK = YES;
				CLANG_WARN_BLOCK_CAPTURE_AUTORELEASING = YES;
				CLANG_WARN_BOOL_CONVERSION = YES;
				CLANG_WARN_COMMA = YES;
				CLANG_WARN_CONSTANT_CONVERSION = YES;
				CLANG_WARN_DEPRECATED_OBJC_IMPLEMENTATIONS = YES;
				CLANG_WARN_DIRECT_OBJC_ISA_USAGE = YES_ERROR;
				CLANG_WARN_DOCUMENTATION_COMMENTS = YES;
				CLANG_WARN_EMPTY_BODY = YES;
				CLANG_WARN_ENUM_CONVERSION = YES;
				CLANG_WARN_INFINITE_RECURSION = YES;
				CLANG_WARN_INT_CONVERSION = YES;
				CLANG_WARN_NON_LITERAL_NULL_CONVERSION = YES;
				CLANG_WARN_OBJC_IMPLICIT_RETAIN_SELF = YES;
				CLANG_WARN_OBJC_LITERAL_CONVERSION = YES;
				CLANG_WARN_OBJC_ROOT_CLASS = YES_ERROR;
				CLANG_WARN_QUOTED_INCLUDE_IN_FRAMEWORK_HEADER = YES;
				CLANG_WARN_RANGE_LOOP_ANALYSIS = YES;
				CLANG_WARN_STRICT_PROTOTYPES = YES;
				CLANG_WARN_SUSPICIOUS_MOVE = YES;
				CLANG_WARN_UNGUARDED_AVAILABILITY = YES_AGGRESSIVE;
				CLANG_WARN_UNREACHABLE_CODE = YES;
				CLANG_WARN__DUPLICATE_METHOD_MATCH = YES;
				COPY_PHASE_STRIP = NO;
				DEBUG_INFORMATION_FORMAT = dwarf;
				ENABLE_STRICT_OBJC_MSGSEND = YES;
				ENABLE_TESTABILITY = YES;
				GCC_C_LANGUAGE_STANDARD = gnu11;
				GCC_DYNAMIC_NO_PIC = NO;
				GCC_NO_COMMON_BLOCKS = YES;
				GCC_OPTIMIZATION_LEVEL = 0;
				GCC_PREPROCESSOR_DEFINITIONS = (
					"DEBUG=1",
					"$(inherited)",
				);
				GCC_WARN_64_TO_32_BIT_CONVERSION = YES;
				GCC_WARN_ABOUT_RETURN_TYPE = YES_ERROR;
				GCC_WARN_UNDECLARED_SELECTOR = YES;
				GCC_WARN_UNINITIALIZED_AUTOS = YES_AGGRESSIVE;
				GCC_WARN_UNUSED_FUNCTION = YES;
				GCC_WARN_UNUSED_VARIABLE = YES;
				IPHONEOS_DEPLOYMENT_TARGET = 15.2;
				MTL_ENABLE_DEBUG_INFO = INCLUDE_SOURCE;
				MTL_FAST_MATH = YES;
				ONLY_ACTIVE_ARCH = YES;
				SDKROOT = iphoneos;
				SWIFT_ACTIVE_COMPILATION_CONDITIONS = DEBUG;
				SWIFT_OPTIMIZATION_LEVEL = "-Onone";
			};
			name = Debug;
		};
		0463CB9A27D3C3FD001E5774 /* Release */ = {
			isa = XCBuildConfiguration;
			buildSettings = {
				ALWAYS_SEARCH_USER_PATHS = NO;
				CLANG_ANALYZER_NONNULL = YES;
				CLANG_ANALYZER_NUMBER_OBJECT_CONVERSION = YES_AGGRESSIVE;
				CLANG_CXX_LANGUAGE_STANDARD = "gnu++17";
				CLANG_CXX_LIBRARY = "libc++";
				CLANG_ENABLE_MODULES = YES;
				CLANG_ENABLE_OBJC_ARC = YES;
				CLANG_ENABLE_OBJC_WEAK = YES;
				CLANG_WARN_BLOCK_CAPTURE_AUTORELEASING = YES;
				CLANG_WARN_BOOL_CONVERSION = YES;
				CLANG_WARN_COMMA = YES;
				CLANG_WARN_CONSTANT_CONVERSION = YES;
				CLANG_WARN_DEPRECATED_OBJC_IMPLEMENTATIONS = YES;
				CLANG_WARN_DIRECT_OBJC_ISA_USAGE = YES_ERROR;
				CLANG_WARN_DOCUMENTATION_COMMENTS = YES;
				CLANG_WARN_EMPTY_BODY = YES;
				CLANG_WARN_ENUM_CONVERSION = YES;
				CLANG_WARN_INFINITE_RECURSION = YES;
				CLANG_WARN_INT_CONVERSION = YES;
				CLANG_WARN_NON_LITERAL_NULL_CONVERSION = YES;
				CLANG_WARN_OBJC_IMPLICIT_RETAIN_SELF = YES;
				CLANG_WARN_OBJC_LITERAL_CONVERSION = YES;
				CLANG_WARN_OBJC_ROOT_CLASS = YES_ERROR;
				CLANG_WARN_QUOTED_INCLUDE_IN_FRAMEWORK_HEADER = YES;
				CLANG_WARN_RANGE_LOOP_ANALYSIS = YES;
				CLANG_WARN_STRICT_PROTOTYPES = YES;
				CLANG_WARN_SUSPICIOUS_MOVE = YES;
				CLANG_WARN_UNGUARDED_AVAILABILITY = YES_AGGRESSIVE;
				CLANG_WARN_UNREACHABLE_CODE = YES;
				CLANG_WARN__DUPLICATE_METHOD_MATCH = YES;
				COPY_PHASE_STRIP = NO;
				DEBUG_INFORMATION_FORMAT = "dwarf-with-dsym";
				ENABLE_NS_ASSERTIONS = NO;
				ENABLE_STRICT_OBJC_MSGSEND = YES;
				GCC_C_LANGUAGE_STANDARD = gnu11;
				GCC_NO_COMMON_BLOCKS = YES;
				GCC_WARN_64_TO_32_BIT_CONVERSION = YES;
				GCC_WARN_ABOUT_RETURN_TYPE = YES_ERROR;
				GCC_WARN_UNDECLARED_SELECTOR = YES;
				GCC_WARN_UNINITIALIZED_AUTOS = YES_AGGRESSIVE;
				GCC_WARN_UNUSED_FUNCTION = YES;
				GCC_WARN_UNUSED_VARIABLE = YES;
				IPHONEOS_DEPLOYMENT_TARGET = 15.2;
				MTL_ENABLE_DEBUG_INFO = NO;
				MTL_FAST_MATH = YES;
				SDKROOT = iphoneos;
				SWIFT_COMPILATION_MODE = wholemodule;
				SWIFT_OPTIMIZATION_LEVEL = "-O";
				VALIDATE_PRODUCT = YES;
			};
			name = Release;
		};
		0463CB9C27D3C3FD001E5774 /* Debug */ = {
			isa = XCBuildConfiguration;
			baseConfigurationReference = 504C28242701D30AEC770F25 /* Pods-iOS-Pratice-App.debug.xcconfig */;
			buildSettings = {
				ASSETCATALOG_COMPILER_APPICON_NAME = AppIcon;
				ASSETCATALOG_COMPILER_GLOBAL_ACCENT_COLOR_NAME = AccentColor;
				CODE_SIGN_STYLE = Automatic;
				CURRENT_PROJECT_VERSION = 1;
				GENERATE_INFOPLIST_FILE = YES;
				INFOPLIST_FILE = "iOS-Pratice-App/Info.plist";
				INFOPLIST_KEY_UIApplicationSupportsIndirectInputEvents = YES;
				INFOPLIST_KEY_UILaunchStoryboardName = LaunchScreen;
				INFOPLIST_KEY_UIMainStoryboardFile = Main;
				INFOPLIST_KEY_UISupportedInterfaceOrientations_iPad = "UIInterfaceOrientationPortrait UIInterfaceOrientationPortraitUpsideDown UIInterfaceOrientationLandscapeLeft UIInterfaceOrientationLandscapeRight";
				INFOPLIST_KEY_UISupportedInterfaceOrientations_iPhone = "UIInterfaceOrientationPortrait UIInterfaceOrientationLandscapeLeft UIInterfaceOrientationLandscapeRight";
				LD_RUNPATH_SEARCH_PATHS = (
					"$(inherited)",
					"@executable_path/Frameworks",
				);
				MARKETING_VERSION = 1.0;
				PRODUCT_BUNDLE_IDENTIFIER = "com.fernandoNunes.iOS-Pratice-App";
				PRODUCT_NAME = "$(TARGET_NAME)";
				SWIFT_EMIT_LOC_STRINGS = YES;
				SWIFT_VERSION = 5.0;
				TARGETED_DEVICE_FAMILY = "1,2";
			};
			name = Debug;
		};
		0463CB9D27D3C3FD001E5774 /* Release */ = {
			isa = XCBuildConfiguration;
			baseConfigurationReference = A31C3C1FD5FF95A7AD872442 /* Pods-iOS-Pratice-App.release.xcconfig */;
			buildSettings = {
				ASSETCATALOG_COMPILER_APPICON_NAME = AppIcon;
				ASSETCATALOG_COMPILER_GLOBAL_ACCENT_COLOR_NAME = AccentColor;
				CODE_SIGN_STYLE = Automatic;
				CURRENT_PROJECT_VERSION = 1;
				GENERATE_INFOPLIST_FILE = YES;
				INFOPLIST_FILE = "iOS-Pratice-App/Info.plist";
				INFOPLIST_KEY_UIApplicationSupportsIndirectInputEvents = YES;
				INFOPLIST_KEY_UILaunchStoryboardName = LaunchScreen;
				INFOPLIST_KEY_UIMainStoryboardFile = Main;
				INFOPLIST_KEY_UISupportedInterfaceOrientations_iPad = "UIInterfaceOrientationPortrait UIInterfaceOrientationPortraitUpsideDown UIInterfaceOrientationLandscapeLeft UIInterfaceOrientationLandscapeRight";
				INFOPLIST_KEY_UISupportedInterfaceOrientations_iPhone = "UIInterfaceOrientationPortrait UIInterfaceOrientationLandscapeLeft UIInterfaceOrientationLandscapeRight";
				LD_RUNPATH_SEARCH_PATHS = (
					"$(inherited)",
					"@executable_path/Frameworks",
				);
				MARKETING_VERSION = 1.0;
				PRODUCT_BUNDLE_IDENTIFIER = "com.fernandoNunes.iOS-Pratice-App";
				PRODUCT_NAME = "$(TARGET_NAME)";
				SWIFT_EMIT_LOC_STRINGS = YES;
				SWIFT_VERSION = 5.0;
				TARGETED_DEVICE_FAMILY = "1,2";
			};
			name = Release;
		};
/* End XCBuildConfiguration section */

/* Begin XCConfigurationList section */
		0463CB8227D3C3FB001E5774 /* Build configuration list for PBXProject "iOS-Pratice-App" */ = {
			isa = XCConfigurationList;
			buildConfigurations = (
				0463CB9927D3C3FD001E5774 /* Debug */,
				0463CB9A27D3C3FD001E5774 /* Release */,
			);
			defaultConfigurationIsVisible = 0;
			defaultConfigurationName = Release;
		};
		0463CB9B27D3C3FD001E5774 /* Build configuration list for PBXNativeTarget "iOS-Pratice-App" */ = {
			isa = XCConfigurationList;
			buildConfigurations = (
				0463CB9C27D3C3FD001E5774 /* Debug */,
				0463CB9D27D3C3FD001E5774 /* Release */,
			);
			defaultConfigurationIsVisible = 0;
			defaultConfigurationName = Release;
		};
/* End XCConfigurationList section */
	};
	rootObject = 0463CB7F27D3C3FB001E5774 /* Project object */;
}
